
Microsoft Visual Studio Solution File, Format Version 12.00
# Visual Studio Version 17
VisualStudioVersion = 17.0.31919.166
MinimumVisualStudioVersion = 10.0.40219.1
Project("{F184B08F-C81C-45F6-A57F-5ABD9991F28F}") = "Loja", "Loja.vbproj", "{89245B53-0732-4239-BC4F-6F2DFAF0D11F}"
EndProject
Global
	GlobalSection(SolutionConfigurationPlatforms) = preSolution
		Debug|Any CPU = Debug|Any CPU
		Release|Any CPU = Release|Any CPU
	EndGlobalSection
	GlobalSection(ProjectConfigurationPlatforms) = postSolution
		{89245B53-0732-4239-BC4F-6F2DFAF0D11F}.Debug|Any CPU.ActiveCfg = Debug|Any CPU
		{89245B53-0732-4239-BC4F-6F2DFAF0D11F}.Debug|Any CPU.Build.0 = Debug|Any CPU
		{89245B53-0732-4239-BC4F-6F2DFAF0D11F}.Release|Any CPU.ActiveCfg = Release|Any CPU
		{89245B53-0732-4239-BC4F-6F2DFAF0D11F}.Release|Any CPU.Build.0 = Release|Any CPU
	EndGlobalSection
	GlobalSection(SolutionProperties) = preSolution
		HideSolutionNode = FALSE
	EndGlobalSection
	GlobalSection(ExtensibilityGlobals) = postSolution
		SolutionGuid = {5C5B3F95-2693-4424-986B-1E60AF657E08}
	EndGlobalSection
EndGlobal
